
Microsoft Visual Studio Solution File, Format Version 12.00
# Visual Studio Version 16
VisualStudioVersion = 16.0.30002.166
MinimumVisualStudioVersion = 10.0.40219.1
Project("{FAE04EC0-301F-11D3-BF4B-00C04F79EFBC}") = "CworkingWithStrings4.14.20", "CworkingWithStrings4.14.20\CworkingWithStrings4.14.20.csproj", "{27ACD189-4B53-4E13-9007-F5D4CEA24EAC}"
EndProject
Global
	GlobalSection(SolutionConfigurationPlatforms) = preSolution
		Debug|Any CPU = Debug|Any CPU
		Release|Any CPU = Release|Any CPU
	EndGlobalSection
	GlobalSection(ProjectConfigurationPlatforms) = postSolution
		{27ACD189-4B53-4E13-9007-F5D4CEA24EAC}.Debug|Any CPU.ActiveCfg = Debug|Any CPU
		{27ACD189-4B53-4E13-9007-F5D4CEA24EAC}.Debug|Any CPU.Build.0 = Debug|Any CPU
		{27ACD189-4B53-4E13-9007-F5D4CEA24EAC}.Release|Any CPU.ActiveCfg = Release|Any CPU
		{27ACD189-4B53-4E13-9007-F5D4CEA24EAC}.Release|Any CPU.Build.0 = Release|Any CPU
	EndGlobalSection
	GlobalSection(SolutionProperties) = preSolution
		HideSolutionNode = FALSE
	EndGlobalSection
	GlobalSection(ExtensibilityGlobals) = postSolution
		SolutionGuid = {E63114BB-8136-4CA3-B3E4-53DF37B1502B}
	EndGlobalSection
EndGlobal
